
Microsoft Visual Studio Solution File, Format Version 12.00
# Visual Studio Version 17
VisualStudioVersion = 17.1.31903.286
MinimumVisualStudioVersion = 10.0.40219.1
Project("{FAE04EC0-301F-11D3-BF4B-00C04F79EFBC}") = "Geta.Optimizely.GeolocationTools", "src\Geta.Optimizely.GeolocationTools\Geta.Optimizely.GeolocationTools.csproj", "{D9818A10-A61E-4F01-919B-A6B4B3A6F817}"
EndProject
Project("{FAE04EC0-301F-11D3-BF4B-00C04F79EFBC}") = "Geta.Optimizely.GeolocationTools.Commerce", "src\Geta.Optimizely.GeolocationTools.Commerce\Geta.Optimizely.GeolocationTools.Commerce.csproj", "{4376E95B-BC3E-4562-AEB9-CC72CEA04203}"
EndProject
Global
	GlobalSection(SolutionConfigurationPlatforms) = preSolution
		Debug|Any CPU = Debug|Any CPU
		Release|Any CPU = Release|Any CPU
	EndGlobalSection
	GlobalSection(ProjectConfigurationPlatforms) = postSolution
		{D9818A10-A61E-4F01-919B-A6B4B3A6F817}.Debug|Any CPU.ActiveCfg = Debug|Any CPU
		{D9818A10-A61E-4F01-919B-A6B4B3A6F817}.Debug|Any CPU.Build.0 = Debug|Any CPU
		{D9818A10-A61E-4F01-919B-A6B4B3A6F817}.Release|Any CPU.ActiveCfg = Release|Any CPU
		{D9818A10-A61E-4F01-919B-A6B4B3A6F817}.Release|Any CPU.Build.0 = Release|Any CPU
		{4376E95B-BC3E-4562-AEB9-CC72CEA04203}.Debug|Any CPU.ActiveCfg = Debug|Any CPU
		{4376E95B-BC3E-4562-AEB9-CC72CEA04203}.Debug|Any CPU.Build.0 = Debug|Any CPU
		{4376E95B-BC3E-4562-AEB9-CC72CEA04203}.Release|Any CPU.ActiveCfg = Release|Any CPU
		{4376E95B-BC3E-4562-AEB9-CC72CEA04203}.Release|Any CPU.Build.0 = Release|Any CPU
	EndGlobalSection
	GlobalSection(SolutionProperties) = preSolution
		HideSolutionNode = FALSE
	EndGlobalSection
	GlobalSection(ExtensibilityGlobals) = postSolution
		SolutionGuid = {A8CDCC59-9245-46C4-B37D-ECE97A69E821}
	EndGlobalSection
EndGlobal
